
Microsoft Visual Studio Solution File, Format Version 12.00
# Visual Studio 15
Project("{FAE04EC0-301F-11D3-BF4B-00C04F79EFBC}") = "Assembly-CSharp", "Assembly-CSharp.csproj", "{A033E3DC-9724-E516-5DDB-1D1090BE8657}"
EndProject
Project("{FAE04EC0-301F-11D3-BF4B-00C04F79EFBC}") = "DOTween.Modules", "DOTween.Modules.csproj", "{59D6E387-45F5-9C11-E955-4F74458872AB}"
EndProject
Project("{FAE04EC0-301F-11D3-BF4B-00C04F79EFBC}") = "Assembly-CSharp-Editor", "Assembly-CSharp-Editor.csproj", "{8854483D-2C9A-7FDE-61AB-440F72065E91}"
EndProject
Global
	GlobalSection(SolutionConfigurationPlatforms) = preSolution
		Debug|Any CPU = Debug|Any CPU
		Release|Any CPU = Release|Any CPU
	EndGlobalSection
	GlobalSection(ProjectConfigurationPlatforms) = postSolution
		{A033E3DC-9724-E516-5DDB-1D1090BE8657}.Debug|Any CPU.ActiveCfg = Debug|Any CPU
		{A033E3DC-9724-E516-5DDB-1D1090BE8657}.Debug|Any CPU.Build.0 = Debug|Any CPU
		{A033E3DC-9724-E516-5DDB-1D1090BE8657}.Release|Any CPU.ActiveCfg = Release|Any CPU
		{A033E3DC-9724-E516-5DDB-1D1090BE8657}.Release|Any CPU.Build.0 = Release|Any CPU
		{59D6E387-45F5-9C11-E955-4F74458872AB}.Debug|Any CPU.ActiveCfg = Debug|Any CPU
		{59D6E387-45F5-9C11-E955-4F74458872AB}.Debug|Any CPU.Build.0 = Debug|Any CPU
		{59D6E387-45F5-9C11-E955-4F74458872AB}.Release|Any CPU.ActiveCfg = Release|Any CPU
		{59D6E387-45F5-9C11-E955-4F74458872AB}.Release|Any CPU.Build.0 = Release|Any CPU
		{8854483D-2C9A-7FDE-61AB-440F72065E91}.Debug|Any CPU.ActiveCfg = Debug|Any CPU
		{8854483D-2C9A-7FDE-61AB-440F72065E91}.Debug|Any CPU.Build.0 = Debug|Any CPU
		{8854483D-2C9A-7FDE-61AB-440F72065E91}.Release|Any CPU.ActiveCfg = Release|Any CPU
		{8854483D-2C9A-7FDE-61AB-440F72065E91}.Release|Any CPU.Build.0 = Release|Any CPU
	EndGlobalSection
	GlobalSection(SolutionProperties) = preSolution
		HideSolutionNode = FALSE
	EndGlobalSection
EndGlobal
